// !$*UTF8*$!
{
	archiveVersion = 1;
	classes = {
	};
	objectVersion = 51;
	objects = {

/* Begin PBXBuildFile section */
		00CFB61B73309A7623F698F4 /* Pods_Zotes.framework in Frameworks */ = {isa = PBXBuildFile; fileRef = 42F4154812C11888EE4A1118 /* Pods_Zotes.framework */; };
		2E007185236A1E0300937B11 /* AppDelegate.swift in Sources */ = {isa = PBXBuildFile; fileRef = 2E007184236A1E0300937B11 /* AppDelegate.swift */; };
		2E007187236A1E0300937B11 /* FirstViewController.swift in Sources */ = {isa = PBXBuildFile; fileRef = 2E007186236A1E0300937B11 /* FirstViewController.swift */; };
		2E007189236A1E0300937B11 /* CreateNoteViewController.swift in Sources */ = {isa = PBXBuildFile; fileRef = 2E007188236A1E0300937B11 /* CreateNoteViewController.swift */; };
		2E00718C236A1E0300937B11 /* Main.storyboard in Resources */ = {isa = PBXBuildFile; fileRef = 2E00718A236A1E0300937B11 /* Main.storyboard */; };
		2E00718E236A1E0500937B11 /* Assets.xcassets in Resources */ = {isa = PBXBuildFile; fileRef = 2E00718D236A1E0500937B11 /* Assets.xcassets */; };
		2E007191236A1E0500937B11 /* LaunchScreen.storyboard in Resources */ = {isa = PBXBuildFile; fileRef = 2E00718F236A1E0500937B11 /* LaunchScreen.storyboard */; };
		2E007199236A24DC00937B11 /* zotes.png in Resources */ = {isa = PBXBuildFile; fileRef = 2E007198236A24DC00937B11 /* zotes.png */; };
		2E0071BB236A32F000937B11 /* SettingsViewController.swift in Sources */ = {isa = PBXBuildFile; fileRef = 2E0071BA236A32F000937B11 /* SettingsViewController.swift */; };
		2E04A8F4236DB28500AD87BD /* AboutApplicationtViewController.swift in Sources */ = {isa = PBXBuildFile; fileRef = 2E04A8F3236DB28500AD87BD /* AboutApplicationtViewController.swift */; };
		2E04A8F6236DBE2400AD87BD /* GoogleService-Info.plist in Resources */ = {isa = PBXBuildFile; fileRef = 2E04A8F5236DBE2300AD87BD /* GoogleService-Info.plist */; };
		2E04A8F8236DC05F00AD87BD /* SignInViewController.swift in Sources */ = {isa = PBXBuildFile; fileRef = 2E04A8F7236DC05F00AD87BD /* SignInViewController.swift */; };
		2E44AB132382133C00C81CAC /* SaveNoteViewController.swift in Sources */ = {isa = PBXBuildFile; fileRef = 2E44AB122382133C00C81CAC /* SaveNoteViewController.swift */; };
		2E44AB152384D6F500C81CAC /* FilterViewController.swift in Sources */ = {isa = PBXBuildFile; fileRef = 2E44AB142384D6F500C81CAC /* FilterViewController.swift */; };
		2E6DBDA023760C29003E20C3 /* Zotes.xcdatamodeld in Sources */ = {isa = PBXBuildFile; fileRef = 2E6DBD9E23760C29003E20C3 /* Zotes.xcdatamodeld */; };
		2E6DBDA32376FC8E003E20C3 /* ZotesCardTableViewCell.swift in Sources */ = {isa = PBXBuildFile; fileRef = 2E6DBDA22376FC8E003E20C3 /* ZotesCardTableViewCell.swift */; };
		2E6DBDA523772F6C003E20C3 /* dots.png in Resources */ = {isa = PBXBuildFile; fileRef = 2E6DBDA423772F6C003E20C3 /* dots.png */; };
		2E6DBDA7237747DB003E20C3 /* ShowAddedImagesViewController.swift in Sources */ = {isa = PBXBuildFile; fileRef = 2E6DBDA6237747DB003E20C3 /* ShowAddedImagesViewController.swift */; };
		2E6DBDA92377487C003E20C3 /* ShowAddedImageCollectionViewCell.swift in Sources */ = {isa = PBXBuildFile; fileRef = 2E6DBDA82377487C003E20C3 /* ShowAddedImageCollectionViewCell.swift */; };
		2E6DBDD5237CD6EF003E20C3 /* Zote.swift in Sources */ = {isa = PBXBuildFile; fileRef = 2E6DBDD4237CD6EF003E20C3 /* Zote.swift */; };
		2E6DBDD7237F27A9003E20C3 /* CategoryTableViewController.swift in Sources */ = {isa = PBXBuildFile; fileRef = 2E6DBDD6237F27A9003E20C3 /* CategoryTableViewController.swift */; };
		2E6DBDD9237F451E003E20C3 /* Category.swift in Sources */ = {isa = PBXBuildFile; fileRef = 2E6DBDD8237F451E003E20C3 /* Category.swift */; };
		2E8A3165236DDB8D00282700 /* SignUpViewController.swift in Sources */ = {isa = PBXBuildFile; fileRef = 2E8A3164236DDB8D00282700 /* SignUpViewController.swift */; };
		2E8A322C2370CA9800282700 /* StringExtension.swift in Sources */ = {isa = PBXBuildFile; fileRef = 2E8A322B2370CA9800282700 /* StringExtension.swift */; };
		2EC579862381F19C0094DDB1 /* systemGreen.png in Resources */ = {isa = PBXBuildFile; fileRef = 2EC579822381F19B0094DDB1 /* systemGreen.png */; };
		2EC579872381F19C0094DDB1 /* systemOrange.png in Resources */ = {isa = PBXBuildFile; fileRef = 2EC579832381F19C0094DDB1 /* systemOrange.png */; };
		2EC579882381F19C0094DDB1 /* systemTeal.png in Resources */ = {isa = PBXBuildFile; fileRef = 2EC579842381F19C0094DDB1 /* systemTeal.png */; };
		2EC579892381F19C0094DDB1 /* systemPink.png in Resources */ = {isa = PBXBuildFile; fileRef = 2EC579852381F19C0094DDB1 /* systemPink.png */; };
		2EC5798B2381F1E60094DDB1 /* white.png in Resources */ = {isa = PBXBuildFile; fileRef = 2EC5798A2381F1E60094DDB1 /* white.png */; };
		84ABFBF42385041700C96234 /* NoteViewController.swift in Sources */ = {isa = PBXBuildFile; fileRef = 84ABFBF32385041700C96234 /* NoteViewController.swift */; };
		84ABFBF623852A2A00C96234 /* ImagesViewController.swift in Sources */ = {isa = PBXBuildFile; fileRef = 84ABFBF523852A2A00C96234 /* ImagesViewController.swift */; };
/* End PBXBuildFile section */

/* Begin PBXFileReference section */
		03A2DA55D8E9561DB5163EF9 /* Pods-Zotes.debug.xcconfig */ = {isa = PBXFileReference; includeInIndex = 1; lastKnownFileType = text.xcconfig; name = "Pods-Zotes.debug.xcconfig"; path = "Target Support Files/Pods-Zotes/Pods-Zotes.debug.xcconfig"; sourceTree = "<group>"; };
		2E007181236A1E0300937B11 /* Zotes.app */ = {isa = PBXFileReference; explicitFileType = wrapper.application; includeInIndex = 0; path = Zotes.app; sourceTree = BUILT_PRODUCTS_DIR; };
		2E007184236A1E0300937B11 /* AppDelegate.swift */ = {isa = PBXFileReference; lastKnownFileType = sourcecode.swift; path = AppDelegate.swift; sourceTree = "<group>"; };
		2E007186236A1E0300937B11 /* FirstViewController.swift */ = {isa = PBXFileReference; lastKnownFileType = sourcecode.swift; path = FirstViewController.swift; sourceTree = "<group>"; };
		2E007188236A1E0300937B11 /* CreateNoteViewController.swift */ = {isa = PBXFileReference; lastKnownFileType = sourcecode.swift; path = CreateNoteViewController.swift; sourceTree = "<group>"; };
		2E00718B236A1E0300937B11 /* Base */ = {isa = PBXFileReference; lastKnownFileType = file.storyboard; name = Base; path = Base.lproj/Main.storyboard; sourceTree = "<group>"; };
		2E00718D236A1E0500937B11 /* Assets.xcassets */ = {isa = PBXFileReference; lastKnownFileType = folder.assetcatalog; path = Assets.xcassets; sourceTree = "<group>"; };
		2E007190236A1E0500937B11 /* Base */ = {isa = PBXFileReference; lastKnownFileType = file.storyboard; name = Base; path = Base.lproj/LaunchScreen.storyboard; sourceTree = "<group>"; };
		2E007192236A1E0500937B11 /* Info.plist */ = {isa = PBXFileReference; lastKnownFileType = text.plist.xml; path = Info.plist; sourceTree = "<group>"; };
		2E007198236A24DC00937B11 /* zotes.png */ = {isa = PBXFileReference; lastKnownFileType = image.png; path = zotes.png; sourceTree = "<group>"; };
		2E0071BA236A32F000937B11 /* SettingsViewController.swift */ = {isa = PBXFileReference; lastKnownFileType = sourcecode.swift; path = SettingsViewController.swift; sourceTree = "<group>"; };
		2E04A8F3236DB28500AD87BD /* AboutApplicationtViewController.swift */ = {isa = PBXFileReference; lastKnownFileType = sourcecode.swift; path = AboutApplicationtViewController.swift; sourceTree = "<group>"; };
		2E04A8F5236DBE2300AD87BD /* GoogleService-Info.plist */ = {isa = PBXFileReference; fileEncoding = 4; lastKnownFileType = text.plist.xml; path = "GoogleService-Info.plist"; sourceTree = "<group>"; };
		2E04A8F7236DC05F00AD87BD /* SignInViewController.swift */ = {isa = PBXFileReference; lastKnownFileType = sourcecode.swift; path = SignInViewController.swift; sourceTree = "<group>"; };
		2E44AB122382133C00C81CAC /* SaveNoteViewController.swift */ = {isa = PBXFileReference; lastKnownFileType = sourcecode.swift; path = SaveNoteViewController.swift; sourceTree = "<group>"; };
		2E44AB142384D6F500C81CAC /* FilterViewController.swift */ = {isa = PBXFileReference; lastKnownFileType = sourcecode.swift; path = FilterViewController.swift; sourceTree = "<group>"; };
		2E6DBD9F23760C29003E20C3 /* Zotes.xcdatamodel */ = {isa = PBXFileReference; lastKnownFileType = wrapper.xcdatamodel; path = Zotes.xcdatamodel; sourceTree = "<group>"; };
		2E6DBDA22376FC8E003E20C3 /* ZotesCardTableViewCell.swift */ = {isa = PBXFileReference; lastKnownFileType = sourcecode.swift; path = ZotesCardTableViewCell.swift; sourceTree = "<group>"; };
		2E6DBDA423772F6C003E20C3 /* dots.png */ = {isa = PBXFileReference; lastKnownFileType = image.png; path = dots.png; sourceTree = "<group>"; };
		2E6DBDA6237747DB003E20C3 /* ShowAddedImagesViewController.swift */ = {isa = PBXFileReference; lastKnownFileType = sourcecode.swift; path = ShowAddedImagesViewController.swift; sourceTree = "<group>"; };
		2E6DBDA82377487C003E20C3 /* ShowAddedImageCollectionViewCell.swift */ = {isa = PBXFileReference; lastKnownFileType = sourcecode.swift; path = ShowAddedImageCollectionViewCell.swift; sourceTree = "<group>"; };
		2E6DBDD4237CD6EF003E20C3 /* Zote.swift */ = {isa = PBXFileReference; lastKnownFileType = sourcecode.swift; path = Zote.swift; sourceTree = "<group>"; };
		2E6DBDD6237F27A9003E20C3 /* CategoryTableViewController.swift */ = {isa = PBXFileReference; lastKnownFileType = sourcecode.swift; path = CategoryTableViewController.swift; sourceTree = "<group>"; };
		2E6DBDD8237F451E003E20C3 /* Category.swift */ = {isa = PBXFileReference; lastKnownFileType = sourcecode.swift; path = Category.swift; sourceTree = "<group>"; };
		2E8A3164236DDB8D00282700 /* SignUpViewController.swift */ = {isa = PBXFileReference; lastKnownFileType = sourcecode.swift; path = SignUpViewController.swift; sourceTree = "<group>"; };
		2E8A322B2370CA9800282700 /* StringExtension.swift */ = {isa = PBXFileReference; lastKnownFileType = sourcecode.swift; path = StringExtension.swift; sourceTree = "<group>"; };
		2EC579822381F19B0094DDB1 /* systemGreen.png */ = {isa = PBXFileReference; lastKnownFileType = image.png; path = systemGreen.png; sourceTree = "<group>"; };
		2EC579832381F19C0094DDB1 /* systemOrange.png */ = {isa = PBXFileReference; lastKnownFileType = image.png; path = systemOrange.png; sourceTree = "<group>"; };
		2EC579842381F19C0094DDB1 /* systemTeal.png */ = {isa = PBXFileReference; lastKnownFileType = image.png; path = systemTeal.png; sourceTree = "<group>"; };
		2EC579852381F19C0094DDB1 /* systemPink.png */ = {isa = PBXFileReference; lastKnownFileType = image.png; path = systemPink.png; sourceTree = "<group>"; };
		2EC5798A2381F1E60094DDB1 /* white.png */ = {isa = PBXFileReference; lastKnownFileType = image.png; path = white.png; sourceTree = "<group>"; };
		42F4154812C11888EE4A1118 /* Pods_Zotes.framework */ = {isa = PBXFileReference; explicitFileType = wrapper.framework; includeInIndex = 0; path = Pods_Zotes.framework; sourceTree = BUILT_PRODUCTS_DIR; };
		84ABFBF32385041700C96234 /* NoteViewController.swift */ = {isa = PBXFileReference; lastKnownFileType = sourcecode.swift; path = NoteViewController.swift; sourceTree = "<group>"; };
		84ABFBF523852A2A00C96234 /* ImagesViewController.swift */ = {isa = PBXFileReference; lastKnownFileType = sourcecode.swift; path = ImagesViewController.swift; sourceTree = "<group>"; };
		E749FCF7AC65A7479E684E91 /* Pods-Zotes.release.xcconfig */ = {isa = PBXFileReference; includeInIndex = 1; lastKnownFileType = text.xcconfig; name = "Pods-Zotes.release.xcconfig"; path = "Target Support Files/Pods-Zotes/Pods-Zotes.release.xcconfig"; sourceTree = "<group>"; };
/* End PBXFileReference section */

/* Begin PBXFrameworksBuildPhase section */
		2E00717E236A1E0300937B11 /* Frameworks */ = {
			isa = PBXFrameworksBuildPhase;
			buildActionMask = 2147483647;
			files = (
				00CFB61B73309A7623F698F4 /* Pods_Zotes.framework in Frameworks */,
			);
			runOnlyForDeploymentPostprocessing = 0;
		};
/* End PBXFrameworksBuildPhase section */

/* Begin PBXGroup section */
		2E007178236A1E0300937B11 = {
			isa = PBXGroup;
			children = (
				2E6DBD9E23760C29003E20C3 /* Zotes.xcdatamodeld */,
				2E007183236A1E0300937B11 /* Zotes */,
				2E007182236A1E0300937B11 /* Products */,
				D9E58FD18EB712705C82EAB7 /* Frameworks */,
				D23052F0D750ED3707EEDE25 /* Pods */,
			);
			sourceTree = "<group>";
		};
		2E007182236A1E0300937B11 /* Products */ = {
			isa = PBXGroup;
			children = (
				2E007181236A1E0300937B11 /* Zotes.app */,
			);
			name = Products;
			sourceTree = "<group>";
		};
		2E007183236A1E0300937B11 /* Zotes */ = {
			isa = PBXGroup;
			children = (
				2E6DBDD3237CD6C9003E20C3 /* Model */,
				2E6DBDA12376FC6B003E20C3 /* Customs */,
				2E8A322A2370CA7F00282700 /* Extensions */,
				2E00719B236A2B7600937B11 /* Controllers */,
				2E007184236A1E0300937B11 /* AppDelegate.swift */,
				2E00718A236A1E0300937B11 /* Main.storyboard */,
				2E00718D236A1E0500937B11 /* Assets.xcassets */,
				2E007198236A24DC00937B11 /* zotes.png */,
				2E00718F236A1E0500937B11 /* LaunchScreen.storyboard */,
				2EC579822381F19B0094DDB1 /* systemGreen.png */,
				2EC579832381F19C0094DDB1 /* systemOrange.png */,
				2EC5798A2381F1E60094DDB1 /* white.png */,
				2EC579852381F19C0094DDB1 /* systemPink.png */,
				2EC579842381F19C0094DDB1 /* systemTeal.png */,
				2E6DBDA423772F6C003E20C3 /* dots.png */,
				2E04A8F5236DBE2300AD87BD /* GoogleService-Info.plist */,
				2E007192236A1E0500937B11 /* Info.plist */,
			);
			path = Zotes;
			sourceTree = "<group>";
		};
		2E00719B236A2B7600937B11 /* Controllers */ = {
			isa = PBXGroup;
			children = (
				2E007186236A1E0300937B11 /* FirstViewController.swift */,
				2E007188236A1E0300937B11 /* CreateNoteViewController.swift */,
				2E0071BA236A32F000937B11 /* SettingsViewController.swift */,
				2E04A8F3236DB28500AD87BD /* AboutApplicationtViewController.swift */,
				2E04A8F7236DC05F00AD87BD /* SignInViewController.swift */,
				2E8A3164236DDB8D00282700 /* SignUpViewController.swift */,
				2E6DBDA6237747DB003E20C3 /* ShowAddedImagesViewController.swift */,
				2E6DBDD6237F27A9003E20C3 /* CategoryTableViewController.swift */,
				2E44AB122382133C00C81CAC /* SaveNoteViewController.swift */,
				2E44AB142384D6F500C81CAC /* FilterViewController.swift */,
				84ABFBF32385041700C96234 /* NoteViewController.swift */,
				84ABFBF523852A2A00C96234 /* ImagesViewController.swift */,
			);
			path = Controllers;
			sourceTree = "<group>";
		};
		2E6DBDA12376FC6B003E20C3 /* Customs */ = {
			isa = PBXGroup;
			children = (
				2E6DBDA22376FC8E003E20C3 /* ZotesCardTableViewCell.swift */,
				2E6DBDA82377487C003E20C3 /* ShowAddedImageCollectionViewCell.swift */,
			);
			path = Customs;
			sourceTree = "<group>";
		};
		2E6DBDD3237CD6C9003E20C3 /* Model */ = {
			isa = PBXGroup;
			children = (
				2E6DBDD4237CD6EF003E20C3 /* Zote.swift */,
				2E6DBDD8237F451E003E20C3 /* Category.swift */,
			);
			path = Model;
			sourceTree = "<group>";
		};
		2E8A322A2370CA7F00282700 /* Extensions */ = {
			isa = PBXGroup;
			children = (
				2E8A322B2370CA9800282700 /* StringExtension.swift */,
			);
			path = Extensions;
			sourceTree = "<group>";
		};
		D23052F0D750ED3707EEDE25 /* Pods */ = {
			isa = PBXGroup;
			children = (
				03A2DA55D8E9561DB5163EF9 /* Pods-Zotes.debug.xcconfig */,
				E749FCF7AC65A7479E684E91 /* Pods-Zotes.release.xcconfig */,
			);
			path = Pods;
			sourceTree = "<group>";
		};
		D9E58FD18EB712705C82EAB7 /* Frameworks */ = {
			isa = PBXGroup;
			children = (
				42F4154812C11888EE4A1118 /* Pods_Zotes.framework */,
			);
			name = Frameworks;
			sourceTree = "<group>";
		};
/* End PBXGroup section */

/* Begin PBXNativeTarget section */
		2E007180236A1E0300937B11 /* Zotes */ = {
			isa = PBXNativeTarget;
			buildConfigurationList = 2E007195236A1E0500937B11 /* Build configuration list for PBXNativeTarget "Zotes" */;
			buildPhases = (
				9B6FA795AF0CCF80CACC95B9 /* [CP] Check Pods Manifest.lock */,
				2E00717D236A1E0300937B11 /* Sources */,
				2E00717E236A1E0300937B11 /* Frameworks */,
				2E00717F236A1E0300937B11 /* Resources */,
				147144A7F8BF4BB9737BA443 /* [CP] Embed Pods Frameworks */,
			);
			buildRules = (
			);
			dependencies = (
			);
			name = Zotes;
			productName = Zotes;
			productReference = 2E007181236A1E0300937B11 /* Zotes.app */;
			productType = "com.apple.product-type.application";
		};
/* End PBXNativeTarget section */

/* Begin PBXProject section */
		2E007179236A1E0300937B11 /* Project object */ = {
			isa = PBXProject;
			attributes = {
				LastSwiftUpdateCheck = 1030;
				LastUpgradeCheck = 1030;
				ORGANIZATIONNAME = Zero;
				TargetAttributes = {
					2E007180236A1E0300937B11 = {
						CreatedOnToolsVersion = 10.3;
					};
				};
			};
			buildConfigurationList = 2E00717C236A1E0300937B11 /* Build configuration list for PBXProject "Zotes" */;
			compatibilityVersion = "Xcode 9.3";
			developmentRegion = en;
			hasScannedForEncodings = 0;
			knownRegions = (
				en,
				Base,
			);
			mainGroup = 2E007178236A1E0300937B11;
			productRefGroup = 2E007182236A1E0300937B11 /* Products */;
			projectDirPath = "";
			projectRoot = "";
			targets = (
				2E007180236A1E0300937B11 /* Zotes */,
			);
		};
/* End PBXProject section */

/* Begin PBXResourcesBuildPhase section */
		2E00717F236A1E0300937B11 /* Resources */ = {
			isa = PBXResourcesBuildPhase;
			buildActionMask = 2147483647;
			files = (
				2E007191236A1E0500937B11 /* LaunchScreen.storyboard in Resources */,
				2E007199236A24DC00937B11 /* zotes.png in Resources */,
				2EC579892381F19C0094DDB1 /* systemPink.png in Resources */,
				2EC579862381F19C0094DDB1 /* systemGreen.png in Resources */,
				2E04A8F6236DBE2400AD87BD /* GoogleService-Info.plist in Resources */,
				2EC579872381F19C0094DDB1 /* systemOrange.png in Resources */,
				2E6DBDA523772F6C003E20C3 /* dots.png in Resources */,
				2EC5798B2381F1E60094DDB1 /* white.png in Resources */,
				2E00718E236A1E0500937B11 /* Assets.xcassets in Resources */,
				2E00718C236A1E0300937B11 /* Main.storyboard in Resources */,
				2EC579882381F19C0094DDB1 /* systemTeal.png in Resources */,
			);
			runOnlyForDeploymentPostprocessing = 0;
		};
/* End PBXResourcesBuildPhase section */

/* Begin PBXShellScriptBuildPhase section */
		147144A7F8BF4BB9737BA443 /* [CP] Embed Pods Frameworks */ = {
			isa = PBXShellScriptBuildPhase;
			buildActionMask = 2147483647;
			files = (
			);
			inputFileListPaths = (
				"${PODS_ROOT}/Target Support Files/Pods-Zotes/Pods-Zotes-frameworks-${CONFIGURATION}-input-files.xcfilelist",
			);
			name = "[CP] Embed Pods Frameworks";
			outputFileListPaths = (
				"${PODS_ROOT}/Target Support Files/Pods-Zotes/Pods-Zotes-frameworks-${CONFIGURATION}-output-files.xcfilelist",
			);
			runOnlyForDeploymentPostprocessing = 0;
			shellPath = /bin/sh;
			shellScript = "\"${PODS_ROOT}/Target Support Files/Pods-Zotes/Pods-Zotes-frameworks.sh\"\n";
			showEnvVarsInLog = 0;
		};
		9B6FA795AF0CCF80CACC95B9 /* [CP] Check Pods Manifest.lock */ = {
			isa = PBXShellScriptBuildPhase;
			buildActionMask = 2147483647;
			files = (
			);
			inputFileListPaths = (
			);
			inputPaths = (
				"${PODS_PODFILE_DIR_PATH}/Podfile.lock",
				"${PODS_ROOT}/Manifest.lock",
			);
			name = "[CP] Check Pods Manifest.lock";
			outputFileListPaths = (
			);
			outputPaths = (
				"$(DERIVED_FILE_DIR)/Pods-Zotes-checkManifestLockResult.txt",
			);
			runOnlyForDeploymentPostprocessing = 0;
			shellPath = /bin/sh;
			shellScript = "diff \"${PODS_PODFILE_DIR_PATH}/Podfile.lock\" \"${PODS_ROOT}/Manifest.lock\" > /dev/null\nif [ $? != 0 ] ; then\n    # print error to STDERR\n    echo \"error: The sandbox is not in sync with the Podfile.lock. Run 'pod install' or update your CocoaPods installation.\" >&2\n    exit 1\nfi\n# This output is used by Xcode 'outputs' to avoid re-running this script phase.\necho \"SUCCESS\" > \"${SCRIPT_OUTPUT_FILE_0}\"\n";
			showEnvVarsInLog = 0;
		};
/* End PBXShellScriptBuildPhase section */

/* Begin PBXSourcesBuildPhase section */
		2E00717D236A1E0300937B11 /* Sources */ = {
			isa = PBXSourcesBuildPhase;
			buildActionMask = 2147483647;
			files = (
				2E007189236A1E0300937B11 /* CreateNoteViewController.swift in Sources */,
				2E8A3165236DDB8D00282700 /* SignUpViewController.swift in Sources */,
				2E6DBDD5237CD6EF003E20C3 /* Zote.swift in Sources */,
				2E44AB152384D6F500C81CAC /* FilterViewController.swift in Sources */,
				84ABFBF623852A2A00C96234 /* ImagesViewController.swift in Sources */,
				84ABFBF42385041700C96234 /* NoteViewController.swift in Sources */,
				2E007185236A1E0300937B11 /* AppDelegate.swift in Sources */,
				2E04A8F8236DC05F00AD87BD /* SignInViewController.swift in Sources */,
				2E6DBDA023760C29003E20C3 /* Zotes.xcdatamodeld in Sources */,
				2E6DBDA32376FC8E003E20C3 /* ZotesCardTableViewCell.swift in Sources */,
				2E6DBDD7237F27A9003E20C3 /* CategoryTableViewController.swift in Sources */,
				2E6DBDA7237747DB003E20C3 /* ShowAddedImagesViewController.swift in Sources */,
				2E8A322C2370CA9800282700 /* StringExtension.swift in Sources */,
				2E04A8F4236DB28500AD87BD /* AboutApplicationtViewController.swift in Sources */,
				2E44AB132382133C00C81CAC /* SaveNoteViewController.swift in Sources */,
				2E6DBDD9237F451E003E20C3 /* Category.swift in Sources */,
				2E007187236A1E0300937B11 /* FirstViewController.swift in Sources */,
				2E6DBDA92377487C003E20C3 /* ShowAddedImageCollectionViewCell.swift in Sources */,
				2E0071BB236A32F000937B11 /* SettingsViewController.swift in Sources */,
			);
			runOnlyForDeploymentPostprocessing = 0;
		};
/* End PBXSourcesBuildPhase section */

/* Begin PBXVariantGroup section */
		2E00718A236A1E0300937B11 /* Main.storyboard */ = {
			isa = PBXVariantGroup;
			children = (
				2E00718B236A1E0300937B11 /* Base */,
			);
			name = Main.storyboard;
			sourceTree = "<group>";
		};
		2E00718F236A1E0500937B11 /* LaunchScreen.storyboard */ = {
			isa = PBXVariantGroup;
			children = (
				2E007190236A1E0500937B11 /* Base */,
			);
			name = LaunchScreen.storyboard;
			sourceTree = "<group>";
		};
/* End PBXVariantGroup section */

/* Begin XCBuildConfiguration section */
		2E007193236A1E0500937B11 /* Debug */ = {
			isa = XCBuildConfiguration;
			buildSettings = {
				ALWAYS_SEARCH_USER_PATHS = NO;
				CLANG_ANALYZER_NONNULL = YES;
				CLANG_ANALYZER_NUMBER_OBJECT_CONVERSION = YES_AGGRESSIVE;
				CLANG_CXX_LANGUAGE_STANDARD = "gnu++14";
				CLANG_CXX_LIBRARY = "libc++";
				CLANG_ENABLE_MODULES = YES;
				CLANG_ENABLE_OBJC_ARC = YES;
				CLANG_ENABLE_OBJC_WEAK = YES;
				CLANG_WARN_BLOCK_CAPTURE_AUTORELEASING = YES;
				CLANG_WARN_BOOL_CONVERSION = YES;
				CLANG_WARN_COMMA = YES;
				CLANG_WARN_CONSTANT_CONVERSION = YES;
				CLANG_WARN_DEPRECATED_OBJC_IMPLEMENTATIONS = YES;
				CLANG_WARN_DIRECT_OBJC_ISA_USAGE = YES_ERROR;
				CLANG_WARN_DOCUMENTATION_COMMENTS = YES;
				CLANG_WARN_EMPTY_BODY = YES;
				CLANG_WARN_ENUM_CONVERSION = YES;
				CLANG_WARN_INFINITE_RECURSION = YES;
				CLANG_WARN_INT_CONVERSION = YES;
				CLANG_WARN_NON_LITERAL_NULL_CONVERSION = YES;
				CLANG_WARN_OBJC_IMPLICIT_RETAIN_SELF = YES;
				CLANG_WARN_OBJC_LITERAL_CONVERSION = YES;
				CLANG_WARN_OBJC_ROOT_CLASS = YES_ERROR;
				CLANG_WARN_RANGE_LOOP_ANALYSIS = YES;
				CLANG_WARN_STRICT_PROTOTYPES = YES;
				CLANG_WARN_SUSPICIOUS_MOVE = YES;
				CLANG_WARN_UNGUARDED_AVAILABILITY = YES_AGGRESSIVE;
				CLANG_WARN_UNREACHABLE_CODE = YES;
				CLANG_WARN__DUPLICATE_METHOD_MATCH = YES;
				CODE_SIGN_IDENTITY = "iPhone Developer";
				COPY_PHASE_STRIP = NO;
				DEBUG_INFORMATION_FORMAT = dwarf;
				ENABLE_STRICT_OBJC_MSGSEND = YES;
				ENABLE_TESTABILITY = YES;
				GCC_C_LANGUAGE_STANDARD = gnu11;
				GCC_DYNAMIC_NO_PIC = NO;
				GCC_NO_COMMON_BLOCKS = YES;
				GCC_OPTIMIZATION_LEVEL = 0;
				GCC_PREPROCESSOR_DEFINITIONS = (
					"DEBUG=1",
					"$(inherited)",
				);
				GCC_WARN_64_TO_32_BIT_CONVERSION = YES;
				GCC_WARN_ABOUT_RETURN_TYPE = YES_ERROR;
				GCC_WARN_UNDECLARED_SELECTOR = YES;
				GCC_WARN_UNINITIALIZED_AUTOS = YES_AGGRESSIVE;
				GCC_WARN_UNUSED_FUNCTION = YES;
				GCC_WARN_UNUSED_VARIABLE = YES;
				IPHONEOS_DEPLOYMENT_TARGET = 12.4;
				MTL_ENABLE_DEBUG_INFO = INCLUDE_SOURCE;
				MTL_FAST_MATH = YES;
				ONLY_ACTIVE_ARCH = NO;
				SDKROOT = iphoneos;
				SWIFT_ACTIVE_COMPILATION_CONDITIONS = DEBUG;
				SWIFT_OPTIMIZATION_LEVEL = "-Onone";
			};
			name = Debug;
		};
		2E007194236A1E0500937B11 /* Release */ = {
			isa = XCBuildConfiguration;
			buildSettings = {
				ALWAYS_SEARCH_USER_PATHS = NO;
				CLANG_ANALYZER_NONNULL = YES;
				CLANG_ANALYZER_NUMBER_OBJECT_CONVERSION = YES_AGGRESSIVE;
				CLANG_CXX_LANGUAGE_STANDARD = "gnu++14";
				CLANG_CXX_LIBRARY = "libc++";
				CLANG_ENABLE_MODULES = YES;
				CLANG_ENABLE_OBJC_ARC = YES;
				CLANG_ENABLE_OBJC_WEAK = YES;
				CLANG_WARN_BLOCK_CAPTURE_AUTORELEASING = YES;
				CLANG_WARN_BOOL_CONVERSION = YES;
				CLANG_WARN_COMMA = YES;
				CLANG_WARN_CONSTANT_CONVERSION = YES;
				CLANG_WARN_DEPRECATED_OBJC_IMPLEMENTATIONS = YES;
				CLANG_WARN_DIRECT_OBJC_ISA_USAGE = YES_ERROR;
				CLANG_WARN_DOCUMENTATION_COMMENTS = YES;
				CLANG_WARN_EMPTY_BODY = YES;
				CLANG_WARN_ENUM_CONVERSION = YES;
				CLANG_WARN_INFINITE_RECURSION = YES;
				CLANG_WARN_INT_CONVERSION = YES;
				CLANG_WARN_NON_LITERAL_NULL_CONVERSION = YES;
				CLANG_WARN_OBJC_IMPLICIT_RETAIN_SELF = YES;
				CLANG_WARN_OBJC_LITERAL_CONVERSION = YES;
				CLANG_WARN_OBJC_ROOT_CLASS = YES_ERROR;
				CLANG_WARN_RANGE_LOOP_ANALYSIS = YES;
				CLANG_WARN_STRICT_PROTOTYPES = YES;
				CLANG_WARN_SUSPICIOUS_MOVE = YES;
				CLANG_WARN_UNGUARDED_AVAILABILITY = YES_AGGRESSIVE;
				CLANG_WARN_UNREACHABLE_CODE = YES;
				CLANG_WARN__DUPLICATE_METHOD_MATCH = YES;
				CODE_SIGN_IDENTITY = "iPhone Developer";
				COPY_PHASE_STRIP = NO;
				DEBUG_INFORMATION_FORMAT = "dwarf-with-dsym";
				ENABLE_NS_ASSERTIONS = NO;
				ENABLE_STRICT_OBJC_MSGSEND = YES;
				GCC_C_LANGUAGE_STANDARD = gnu11;
				GCC_NO_COMMON_BLOCKS = YES;
				GCC_WARN_64_TO_32_BIT_CONVERSION = YES;
				GCC_WARN_ABOUT_RETURN_TYPE = YES_ERROR;
				GCC_WARN_UNDECLARED_SELECTOR = YES;
				GCC_WARN_UNINITIALIZED_AUTOS = YES_AGGRESSIVE;
				GCC_WARN_UNUSED_FUNCTION = YES;
				GCC_WARN_UNUSED_VARIABLE = YES;
				IPHONEOS_DEPLOYMENT_TARGET = 12.4;
				MTL_ENABLE_DEBUG_INFO = NO;
				MTL_FAST_MATH = YES;
				ONLY_ACTIVE_ARCH = NO;
				SDKROOT = iphoneos;
				SWIFT_COMPILATION_MODE = wholemodule;
				SWIFT_OPTIMIZATION_LEVEL = "-O";
				VALIDATE_PRODUCT = YES;
			};
			name = Release;
		};
		2E007196236A1E0500937B11 /* Debug */ = {
			isa = XCBuildConfiguration;
			baseConfigurationReference = 03A2DA55D8E9561DB5163EF9 /* Pods-Zotes.debug.xcconfig */;
			buildSettings = {
				ASSETCATALOG_COMPILER_APPICON_NAME = AppIcon;
				CODE_SIGN_STYLE = Automatic;
				DEVELOPMENT_TEAM = 7786VMHBLY;
				INFOPLIST_FILE = Zotes/Info.plist;
				LD_RUNPATH_SEARCH_PATHS = (
					"$(inherited)",
					"@executable_path/Frameworks",
				);
				PRODUCT_BUNDLE_IDENTIFIER = zero.zotes;
				PRODUCT_NAME = "$(TARGET_NAME)";
				SWIFT_VERSION = 5.0;
				TARGETED_DEVICE_FAMILY = "1,2";
			};
			name = Debug;
		};
		2E007197236A1E0500937B11 /* Release */ = {
			isa = XCBuildConfiguration;
			baseConfigurationReference = E749FCF7AC65A7479E684E91 /* Pods-Zotes.release.xcconfig */;
			buildSettings = {
				ASSETCATALOG_COMPILER_APPICON_NAME = AppIcon;
				CODE_SIGN_STYLE = Automatic;
				DEVELOPMENT_TEAM = 7786VMHBLY;
				INFOPLIST_FILE = Zotes/Info.plist;
				LD_RUNPATH_SEARCH_PATHS = (
					"$(inherited)",
					"@executable_path/Frameworks",
				);
				PRODUCT_BUNDLE_IDENTIFIER = zero.zotes;
				PRODUCT_NAME = "$(TARGET_NAME)";
				SWIFT_VERSION = 5.0;
				TARGETED_DEVICE_FAMILY = "1,2";
			};
			name = Release;
		};
/* End XCBuildConfiguration section */

/* Begin XCConfigurationList section */
		2E00717C236A1E0300937B11 /* Build configuration list for PBXProject "Zotes" */ = {
			isa = XCConfigurationList;
			buildConfigurations = (
				2E007193236A1E0500937B11 /* Debug */,
				2E007194236A1E0500937B11 /* Release */,
			);
			defaultConfigurationIsVisible = 0;
			defaultConfigurationName = Release;
		};
		2E007195236A1E0500937B11 /* Build configuration list for PBXNativeTarget "Zotes" */ = {
			isa = XCConfigurationList;
			buildConfigurations = (
				2E007196236A1E0500937B11 /* Debug */,
				2E007197236A1E0500937B11 /* Release */,
			);
			defaultConfigurationIsVisible = 0;
			defaultConfigurationName = Release;
		};
/* End XCConfigurationList section */

/* Begin XCVersionGroup section */
		2E6DBD9E23760C29003E20C3 /* Zotes.xcdatamodeld */ = {
			isa = XCVersionGroup;
			children = (
				2E6DBD9F23760C29003E20C3 /* Zotes.xcdatamodel */,
			);
			currentVersion = 2E6DBD9F23760C29003E20C3 /* Zotes.xcdatamodel */;
			path = Zotes.xcdatamodeld;
			sourceTree = "<group>";
			versionGroupType = wrapper.xcdatamodel;
		};
/* End XCVersionGroup section */
	};
	rootObject = 2E007179236A1E0300937B11 /* Project object */;
}
